
Microsoft Visual Studio Solution File, Format Version 12.00
# Visual Studio Version 17
VisualStudioVersion = 17.2.32516.85
MinimumVisualStudioVersion = 10.0.40219.1
Project("{9A19103F-16F7-4668-BE54-9A1E7A4F7556}") = "ContactApplication_", "ContactApplication_.csproj", "{6BCBF9E4-A848-44D3-9B38-BBB9D002DF5B}"
EndProject
Project("{FAE04EC0-301F-11D3-BF4B-00C04F79EFBC}") = "TestContactApp", "..\TestContactApp\TestContactApp.csproj", "{96479987-5A57-4AC8-B22C-B4695D514556}"
EndProject
Global
	GlobalSection(SolutionConfigurationPlatforms) = preSolution
		Debug|Any CPU = Debug|Any CPU
		Release|Any CPU = Release|Any CPU
	EndGlobalSection
	GlobalSection(ProjectConfigurationPlatforms) = postSolution
		{6BCBF9E4-A848-44D3-9B38-BBB9D002DF5B}.Debug|Any CPU.ActiveCfg = Debug|Any CPU
		{6BCBF9E4-A848-44D3-9B38-BBB9D002DF5B}.Debug|Any CPU.Build.0 = Debug|Any CPU
		{6BCBF9E4-A848-44D3-9B38-BBB9D002DF5B}.Release|Any CPU.ActiveCfg = Release|Any CPU
		{6BCBF9E4-A848-44D3-9B38-BBB9D002DF5B}.Release|Any CPU.Build.0 = Release|Any CPU
		{96479987-5A57-4AC8-B22C-B4695D514556}.Debug|Any CPU.ActiveCfg = Debug|Any CPU
		{96479987-5A57-4AC8-B22C-B4695D514556}.Debug|Any CPU.Build.0 = Debug|Any CPU
		{96479987-5A57-4AC8-B22C-B4695D514556}.Release|Any CPU.ActiveCfg = Release|Any CPU
		{96479987-5A57-4AC8-B22C-B4695D514556}.Release|Any CPU.Build.0 = Release|Any CPU
	EndGlobalSection
	GlobalSection(SolutionProperties) = preSolution
		HideSolutionNode = FALSE
	EndGlobalSection
	GlobalSection(ExtensibilityGlobals) = postSolution
		SolutionGuid = {1864EA8C-C5D1-440C-A0F9-63809AB7F1EB}
	EndGlobalSection
EndGlobal
